
Microsoft Visual Studio Solution File, Format Version 12.00
# Visual Studio Version 17
VisualStudioVersion = 17.9.34728.123
MinimumVisualStudioVersion = 10.0.40219.1
Project("{9A19103F-16F7-4668-BE54-9A1E7A4F7556}") = "Matrimony.API", "Matrimony.API\Matrimony.API.csproj", "{C9F57F04-5699-440A-A407-A0F3FD0C2410}"
EndProject
Project("{9A19103F-16F7-4668-BE54-9A1E7A4F7556}") = "Matrimony.Core", "Matrimony.Core\Matrimony.Core.csproj", "{2BD89490-F2E5-4627-9F03-8C80E3817B88}"
EndProject
Project("{9A19103F-16F7-4668-BE54-9A1E7A4F7556}") = "Matrimony.Data", "Matrimony.Data\Matrimony.Data.csproj", "{3847498C-4A6B-4056-8E5C-C586AAD4E190}"
EndProject
Project("{9A19103F-16F7-4668-BE54-9A1E7A4F7556}") = "Matrimony.Framework", "Matrimony.Framework\Matrimony.Framework.csproj", "{524162E5-2DEA-497C-BC70-A13953BA1C7A}"
EndProject
Project("{00D1A9C2-B5F0-4AF3-8072-F6C62B433612}") = "Matrimony.Database", "Matrimony.Database\Matrimony.Database.sqlproj", "{6777090E-AEB6-4523-815C-7B2D1D1A0BBA}"
EndProject
Global
	GlobalSection(SolutionConfigurationPlatforms) = preSolution
		Debug|Any CPU = Debug|Any CPU
		Release|Any CPU = Release|Any CPU
	EndGlobalSection
	GlobalSection(ProjectConfigurationPlatforms) = postSolution
		{C9F57F04-5699-440A-A407-A0F3FD0C2410}.Debug|Any CPU.ActiveCfg = Debug|Any CPU
		{C9F57F04-5699-440A-A407-A0F3FD0C2410}.Debug|Any CPU.Build.0 = Debug|Any CPU
		{C9F57F04-5699-440A-A407-A0F3FD0C2410}.Release|Any CPU.ActiveCfg = Release|Any CPU
		{C9F57F04-5699-440A-A407-A0F3FD0C2410}.Release|Any CPU.Build.0 = Release|Any CPU
		{2BD89490-F2E5-4627-9F03-8C80E3817B88}.Debug|Any CPU.ActiveCfg = Debug|Any CPU
		{2BD89490-F2E5-4627-9F03-8C80E3817B88}.Debug|Any CPU.Build.0 = Debug|Any CPU
		{2BD89490-F2E5-4627-9F03-8C80E3817B88}.Release|Any CPU.ActiveCfg = Release|Any CPU
		{2BD89490-F2E5-4627-9F03-8C80E3817B88}.Release|Any CPU.Build.0 = Release|Any CPU
		{3847498C-4A6B-4056-8E5C-C586AAD4E190}.Debug|Any CPU.ActiveCfg = Debug|Any CPU
		{3847498C-4A6B-4056-8E5C-C586AAD4E190}.Debug|Any CPU.Build.0 = Debug|Any CPU
		{3847498C-4A6B-4056-8E5C-C586AAD4E190}.Release|Any CPU.ActiveCfg = Release|Any CPU
		{3847498C-4A6B-4056-8E5C-C586AAD4E190}.Release|Any CPU.Build.0 = Release|Any CPU
		{524162E5-2DEA-497C-BC70-A13953BA1C7A}.Debug|Any CPU.ActiveCfg = Debug|Any CPU
		{524162E5-2DEA-497C-BC70-A13953BA1C7A}.Debug|Any CPU.Build.0 = Debug|Any CPU
		{524162E5-2DEA-497C-BC70-A13953BA1C7A}.Release|Any CPU.ActiveCfg = Release|Any CPU
		{524162E5-2DEA-497C-BC70-A13953BA1C7A}.Release|Any CPU.Build.0 = Release|Any CPU
		{6777090E-AEB6-4523-815C-7B2D1D1A0BBA}.Debug|Any CPU.ActiveCfg = Debug|Any CPU
		{6777090E-AEB6-4523-815C-7B2D1D1A0BBA}.Debug|Any CPU.Build.0 = Debug|Any CPU
		{6777090E-AEB6-4523-815C-7B2D1D1A0BBA}.Debug|Any CPU.Deploy.0 = Debug|Any CPU
		{6777090E-AEB6-4523-815C-7B2D1D1A0BBA}.Release|Any CPU.ActiveCfg = Release|Any CPU
		{6777090E-AEB6-4523-815C-7B2D1D1A0BBA}.Release|Any CPU.Build.0 = Release|Any CPU
		{6777090E-AEB6-4523-815C-7B2D1D1A0BBA}.Release|Any CPU.Deploy.0 = Release|Any CPU
	EndGlobalSection
	GlobalSection(SolutionProperties) = preSolution
		HideSolutionNode = FALSE
	EndGlobalSection
	GlobalSection(ExtensibilityGlobals) = postSolution
		SolutionGuid = {641ED622-2E9F-4E14-A8D7-A04B2C87C20A}
	EndGlobalSection
EndGlobal
